
Microsoft Visual Studio Solution File, Format Version 12.00
# Visual Studio Version 16
VisualStudioVersion = 16.0.30104.148
MinimumVisualStudioVersion = 10.0.40219.1
Project("{FAE04EC0-301F-11D3-BF4B-00C04F79EFBC}") = "Sebestean_Balazs-Attila_Lab2", "Sebestean_Balazs-Attila_Lab2.csproj", "{AA8E434E-3BF0-40C0-BC8C-4B84C1348B05}"
EndProject
Global
	GlobalSection(SolutionConfigurationPlatforms) = preSolution
		Debug|Any CPU = Debug|Any CPU
		Release|Any CPU = Release|Any CPU
	EndGlobalSection
	GlobalSection(ProjectConfigurationPlatforms) = postSolution
		{AA8E434E-3BF0-40C0-BC8C-4B84C1348B05}.Debug|Any CPU.ActiveCfg = Debug|Any CPU
		{AA8E434E-3BF0-40C0-BC8C-4B84C1348B05}.Debug|Any CPU.Build.0 = Debug|Any CPU
		{AA8E434E-3BF0-40C0-BC8C-4B84C1348B05}.Release|Any CPU.ActiveCfg = Release|Any CPU
		{AA8E434E-3BF0-40C0-BC8C-4B84C1348B05}.Release|Any CPU.Build.0 = Release|Any CPU
	EndGlobalSection
	GlobalSection(SolutionProperties) = preSolution
		HideSolutionNode = FALSE
	EndGlobalSection
	GlobalSection(ExtensibilityGlobals) = postSolution
		SolutionGuid = {B855735E-7A36-4336-AA96-5A7A5CFB9D3A}
	EndGlobalSection
EndGlobal
